
Microsoft Visual Studio Solution File, Format Version 12.00
Project("{FAE04EC0-301F-11D3-BF4B-00C04F79EFBC}") = "IoTBay.web", "IoTBay.web\IoTBay.web.csproj", "{ABAF026E-3C4D-4763-9A1C-3142D1124BD3}"
EndProject
Global
	GlobalSection(SolutionConfigurationPlatforms) = preSolution
		Debug|Any CPU = Debug|Any CPU
		Release|Any CPU = Release|Any CPU
	EndGlobalSection
	GlobalSection(ProjectConfigurationPlatforms) = postSolution
		{ABAF026E-3C4D-4763-9A1C-3142D1124BD3}.Debug|Any CPU.ActiveCfg = Debug|Any CPU
		{ABAF026E-3C4D-4763-9A1C-3142D1124BD3}.Debug|Any CPU.Build.0 = Debug|Any CPU
		{ABAF026E-3C4D-4763-9A1C-3142D1124BD3}.Release|Any CPU.ActiveCfg = Release|Any CPU
		{ABAF026E-3C4D-4763-9A1C-3142D1124BD3}.Release|Any CPU.Build.0 = Release|Any CPU
	EndGlobalSection
EndGlobal
